
Microsoft Visual Studio Solution File, Format Version 12.00
# Visual Studio Version 16
VisualStudioVersion = 16.0.29613.14
MinimumVisualStudioVersion = 10.0.40219.1
Project("{FAE04EC0-301F-11D3-BF4B-00C04F79EFBC}") = "convertapi-automator", "convertapi-automator.csproj", "{A9E0F198-CD9F-4AAF-9461-261A09FC8147}"
EndProject
Global
	GlobalSection(SolutionConfigurationPlatforms) = preSolution
		Debug|Any CPU = Debug|Any CPU
		Release|Any CPU = Release|Any CPU
	EndGlobalSection
	GlobalSection(ProjectConfigurationPlatforms) = postSolution
		{A9E0F198-CD9F-4AAF-9461-261A09FC8147}.Debug|Any CPU.ActiveCfg = Debug|Any CPU
		{A9E0F198-CD9F-4AAF-9461-261A09FC8147}.Debug|Any CPU.Build.0 = Debug|Any CPU
		{A9E0F198-CD9F-4AAF-9461-261A09FC8147}.Release|Any CPU.ActiveCfg = Release|Any CPU
		{A9E0F198-CD9F-4AAF-9461-261A09FC8147}.Release|Any CPU.Build.0 = Release|Any CPU
	EndGlobalSection
	GlobalSection(SolutionProperties) = preSolution
		HideSolutionNode = FALSE
	EndGlobalSection
	GlobalSection(ExtensibilityGlobals) = postSolution
		SolutionGuid = {0C48E8C3-3DFE-4085-9B9F-0E57DFFA8A61}
	EndGlobalSection
EndGlobal
